
Microsoft Visual Studio Solution File, Format Version 12.00
# Visual Studio Version 16
VisualStudioVersion = 16.0.30011.22
MinimumVisualStudioVersion = 10.0.40219.1
Project("{8BC9CEB8-8B4A-11D0-8D11-00A0C91BC942}") = "1", "1\1.vcxproj", "{D5BF7F4C-368A-410D-94B0-3774D6B93433}"
EndProject
Project("{8BC9CEB8-8B4A-11D0-8D11-00A0C91BC942}") = "2", "2\2.vcxproj", "{888BE407-1F33-4BCA-B5FE-96485EFF2EDF}"
EndProject
Project("{8BC9CEB8-8B4A-11D0-8D11-00A0C91BC942}") = "3", "3\3.vcxproj", "{88D7B0EB-81E1-4316-807C-EF962B826826}"
EndProject
Project("{8BC9CEB8-8B4A-11D0-8D11-00A0C91BC942}") = "5", "5\5.vcxproj", "{F186E5A1-2DE3-4071-A9DA-04B7AF2A36F0}"
EndProject
Project("{8BC9CEB8-8B4A-11D0-8D11-00A0C91BC942}") = "6", "6\6.vcxproj", "{67D88FEA-DE4F-444E-A196-75AE5C019710}"
EndProject
Project("{8BC9CEB8-8B4A-11D0-8D11-00A0C91BC942}") = "4", "4\4.vcxproj", "{68574019-7363-4D4C-86A0-81BE3F093922}"
EndProject
Project("{8BC9CEB8-8B4A-11D0-8D11-00A0C91BC942}") = "7", "7\7.vcxproj", "{9D859AEC-325D-4738-865B-B8C52ED2A31C}"
EndProject
Global
	GlobalSection(SolutionConfigurationPlatforms) = preSolution
		Debug|x64 = Debug|x64
		Debug|x86 = Debug|x86
		Release|x64 = Release|x64
		Release|x86 = Release|x86
	EndGlobalSection
	GlobalSection(ProjectConfigurationPlatforms) = postSolution
		{D5BF7F4C-368A-410D-94B0-3774D6B93433}.Debug|x64.ActiveCfg = Debug|x64
		{D5BF7F4C-368A-410D-94B0-3774D6B93433}.Debug|x64.Build.0 = Debug|x64
		{D5BF7F4C-368A-410D-94B0-3774D6B93433}.Debug|x86.ActiveCfg = Debug|Win32
		{D5BF7F4C-368A-410D-94B0-3774D6B93433}.Debug|x86.Build.0 = Debug|Win32
		{D5BF7F4C-368A-410D-94B0-3774D6B93433}.Release|x64.ActiveCfg = Release|x64
		{D5BF7F4C-368A-410D-94B0-3774D6B93433}.Release|x64.Build.0 = Release|x64
		{D5BF7F4C-368A-410D-94B0-3774D6B93433}.Release|x86.ActiveCfg = Release|Win32
		{D5BF7F4C-368A-410D-94B0-3774D6B93433}.Release|x86.Build.0 = Release|Win32
		{888BE407-1F33-4BCA-B5FE-96485EFF2EDF}.Debug|x64.ActiveCfg = Debug|x64
		{888BE407-1F33-4BCA-B5FE-96485EFF2EDF}.Debug|x64.Build.0 = Debug|x64
		{888BE407-1F33-4BCA-B5FE-96485EFF2EDF}.Debug|x86.ActiveCfg = Debug|Win32
		{888BE407-1F33-4BCA-B5FE-96485EFF2EDF}.Debug|x86.Build.0 = Debug|Win32
		{888BE407-1F33-4BCA-B5FE-96485EFF2EDF}.Release|x64.ActiveCfg = Release|x64
		{888BE407-1F33-4BCA-B5FE-96485EFF2EDF}.Release|x64.Build.0 = Release|x64
		{888BE407-1F33-4BCA-B5FE-96485EFF2EDF}.Release|x86.ActiveCfg = Release|Win32
		{888BE407-1F33-4BCA-B5FE-96485EFF2EDF}.Release|x86.Build.0 = Release|Win32
		{88D7B0EB-81E1-4316-807C-EF962B826826}.Debug|x64.ActiveCfg = Debug|x64
		{88D7B0EB-81E1-4316-807C-EF962B826826}.Debug|x64.Build.0 = Debug|x64
		{88D7B0EB-81E1-4316-807C-EF962B826826}.Debug|x86.ActiveCfg = Debug|Win32
		{88D7B0EB-81E1-4316-807C-EF962B826826}.Debug|x86.Build.0 = Debug|Win32
		{88D7B0EB-81E1-4316-807C-EF962B826826}.Release|x64.ActiveCfg = Release|x64
		{88D7B0EB-81E1-4316-807C-EF962B826826}.Release|x64.Build.0 = Release|x64
		{88D7B0EB-81E1-4316-807C-EF962B826826}.Release|x86.ActiveCfg = Release|Win32
		{88D7B0EB-81E1-4316-807C-EF962B826826}.Release|x86.Build.0 = Release|Win32
		{F186E5A1-2DE3-4071-A9DA-04B7AF2A36F0}.Debug|x64.ActiveCfg = Debug|x64
		{F186E5A1-2DE3-4071-A9DA-04B7AF2A36F0}.Debug|x64.Build.0 = Debug|x64
		{F186E5A1-2DE3-4071-A9DA-04B7AF2A36F0}.Debug|x86.ActiveCfg = Debug|Win32
		{F186E5A1-2DE3-4071-A9DA-04B7AF2A36F0}.Debug|x86.Build.0 = Debug|Win32
		{F186E5A1-2DE3-4071-A9DA-04B7AF2A36F0}.Release|x64.ActiveCfg = Release|x64
		{F186E5A1-2DE3-4071-A9DA-04B7AF2A36F0}.Release|x64.Build.0 = Release|x64
		{F186E5A1-2DE3-4071-A9DA-04B7AF2A36F0}.Release|x86.ActiveCfg = Release|Win32
		{F186E5A1-2DE3-4071-A9DA-04B7AF2A36F0}.Release|x86.Build.0 = Release|Win32
		{67D88FEA-DE4F-444E-A196-75AE5C019710}.Debug|x64.ActiveCfg = Debug|x64
		{67D88FEA-DE4F-444E-A196-75AE5C019710}.Debug|x64.Build.0 = Debug|x64
		{67D88FEA-DE4F-444E-A196-75AE5C019710}.Debug|x86.ActiveCfg = Debug|Win32
		{67D88FEA-DE4F-444E-A196-75AE5C019710}.Debug|x86.Build.0 = Debug|Win32
		{67D88FEA-DE4F-444E-A196-75AE5C019710}.Release|x64.ActiveCfg = Release|x64
		{67D88FEA-DE4F-444E-A196-75AE5C019710}.Release|x64.Build.0 = Release|x64
		{67D88FEA-DE4F-444E-A196-75AE5C019710}.Release|x86.ActiveCfg = Release|Win32
		{67D88FEA-DE4F-444E-A196-75AE5C019710}.Release|x86.Build.0 = Release|Win32
		{68574019-7363-4D4C-86A0-81BE3F093922}.Debug|x64.ActiveCfg = Debug|x64
		{68574019-7363-4D4C-86A0-81BE3F093922}.Debug|x64.Build.0 = Debug|x64
		{68574019-7363-4D4C-86A0-81BE3F093922}.Debug|x86.ActiveCfg = Debug|Win32
		{68574019-7363-4D4C-86A0-81BE3F093922}.Debug|x86.Build.0 = Debug|Win32
		{68574019-7363-4D4C-86A0-81BE3F093922}.Release|x64.ActiveCfg = Release|x64
		{68574019-7363-4D4C-86A0-81BE3F093922}.Release|x64.Build.0 = Release|x64
		{68574019-7363-4D4C-86A0-81BE3F093922}.Release|x86.ActiveCfg = Release|Win32
		{68574019-7363-4D4C-86A0-81BE3F093922}.Release|x86.Build.0 = Release|Win32
		{9D859AEC-325D-4738-865B-B8C52ED2A31C}.Debug|x64.ActiveCfg = Debug|x64
		{9D859AEC-325D-4738-865B-B8C52ED2A31C}.Debug|x64.Build.0 = Debug|x64
		{9D859AEC-325D-4738-865B-B8C52ED2A31C}.Debug|x86.ActiveCfg = Debug|Win32
		{9D859AEC-325D-4738-865B-B8C52ED2A31C}.Debug|x86.Build.0 = Debug|Win32
		{9D859AEC-325D-4738-865B-B8C52ED2A31C}.Release|x64.ActiveCfg = Release|x64
		{9D859AEC-325D-4738-865B-B8C52ED2A31C}.Release|x64.Build.0 = Release|x64
		{9D859AEC-325D-4738-865B-B8C52ED2A31C}.Release|x86.ActiveCfg = Release|Win32
		{9D859AEC-325D-4738-865B-B8C52ED2A31C}.Release|x86.Build.0 = Release|Win32
	EndGlobalSection
	GlobalSection(SolutionProperties) = preSolution
		HideSolutionNode = FALSE
	EndGlobalSection
	GlobalSection(ExtensibilityGlobals) = postSolution
		SolutionGuid = {5E854196-224C-49D1-861B-9361AD701780}
	EndGlobalSection
EndGlobal
